
Microsoft Visual Studio Solution File, Format Version 12.00
# Visual Studio Version 17
VisualStudioVersion = 17.14.36401.2 d17.14
MinimumVisualStudioVersion = 10.0.40219.1
Project("{FAE04EC0-301F-11D3-BF4B-00C04F79EFBC}") = "TP12", "TP12\TP12.csproj", "{9088AC0F-0F49-42CF-BF24-44AC53D27A0A}"
EndProject
Global
	GlobalSection(SolutionConfigurationPlatforms) = preSolution
		Debug|Any CPU = Debug|Any CPU
		Release|Any CPU = Release|Any CPU
	EndGlobalSection
	GlobalSection(ProjectConfigurationPlatforms) = postSolution
		{9088AC0F-0F49-42CF-BF24-44AC53D27A0A}.Debug|Any CPU.ActiveCfg = Debug|Any CPU
		{9088AC0F-0F49-42CF-BF24-44AC53D27A0A}.Debug|Any CPU.Build.0 = Debug|Any CPU
		{9088AC0F-0F49-42CF-BF24-44AC53D27A0A}.Release|Any CPU.ActiveCfg = Release|Any CPU
		{9088AC0F-0F49-42CF-BF24-44AC53D27A0A}.Release|Any CPU.Build.0 = Release|Any CPU
	EndGlobalSection
	GlobalSection(SolutionProperties) = preSolution
		HideSolutionNode = FALSE
	EndGlobalSection
	GlobalSection(ExtensibilityGlobals) = postSolution
		SolutionGuid = {5914E0D0-1BC1-43E8-AB77-FE4C563628AF}
	EndGlobalSection
EndGlobal
